// !$*UTF8*$!
{
	archiveVersion = 1;
	classes = {
	};
	objectVersion = 56;
	objects = {

/* Begin PBXBuildFile section */
		C01F293C2AE0614C00606E89 /* CurrencyPair.swift in Sources */ = {isa = PBXBuildFile; fileRef = C01F293B2AE0614C00606E89 /* CurrencyPair.swift */; };
		C01F293E2AE0649200606E89 /* DurationTextFieldView.swift in Sources */ = {isa = PBXBuildFile; fileRef = C01F293D2AE0649200606E89 /* DurationTextFieldView.swift */; };
		C01F29562AE1105400606E89 /* InvestmentTextFieldView.swift in Sources */ = {isa = PBXBuildFile; fileRef = C01F29552AE1105400606E89 /* InvestmentTextFieldView.swift */; };
		C01F29582AE1347000606E89 /* NumberFormatter.swift in Sources */ = {isa = PBXBuildFile; fileRef = C01F29572AE1347000606E89 /* NumberFormatter.swift */; };
		C02F5E142AE0256E002ED777 /* Color.swift in Sources */ = {isa = PBXBuildFile; fileRef = C02F5E132AE0256E002ED777 /* Color.swift */; };
		C02F5E1A2AE02697002ED777 /* PreloaderView.swift in Sources */ = {isa = PBXBuildFile; fileRef = C02F5E192AE02697002ED777 /* PreloaderView.swift */; };
		C02F5E1C2AE02706002ED777 /* PreloaderVM.swift in Sources */ = {isa = PBXBuildFile; fileRef = C02F5E1B2AE02706002ED777 /* PreloaderVM.swift */; };
		C02F5E1E2AE02A48002ED777 /* RoundedRectProgressViewStyle.swift in Sources */ = {isa = PBXBuildFile; fileRef = C02F5E1D2AE02A48002ED777 /* RoundedRectProgressViewStyle.swift */; };
		C02F5E212AE02C44002ED777 /* MainView.swift in Sources */ = {isa = PBXBuildFile; fileRef = C02F5E202AE02C44002ED777 /* MainView.swift */; };
		C02F5E232AE02D1E002ED777 /* TradeView.swift in Sources */ = {isa = PBXBuildFile; fileRef = C02F5E222AE02D1E002ED777 /* TradeView.swift */; };
		C02F5E252AE02D25002ED777 /* TopView.swift in Sources */ = {isa = PBXBuildFile; fileRef = C02F5E242AE02D25002ED777 /* TopView.swift */; };
		C02F5E282AE02FA4002ED777 /* TopVM.swift in Sources */ = {isa = PBXBuildFile; fileRef = C02F5E272AE02FA4002ED777 /* TopVM.swift */; };
		C02F5E2A2AE02FAB002ED777 /* TradeVM.swift in Sources */ = {isa = PBXBuildFile; fileRef = C02F5E292AE02FAB002ED777 /* TradeVM.swift */; };
		C02F5E2C2AE02FBF002ED777 /* CurrencyPairView.swift in Sources */ = {isa = PBXBuildFile; fileRef = C02F5E2B2AE02FBF002ED777 /* CurrencyPairView.swift */; };
		C02F5E2E2AE02FC9002ED777 /* CurrencyPairVM.swift in Sources */ = {isa = PBXBuildFile; fileRef = C02F5E2D2AE02FC9002ED777 /* CurrencyPairVM.swift */; };
		C02F5E302AE03162002ED777 /* Trader.swift in Sources */ = {isa = PBXBuildFile; fileRef = C02F5E2F2AE03162002ED777 /* Trader.swift */; };
		C02F5E322AE0355F002ED777 /* TraderItemView.swift in Sources */ = {isa = PBXBuildFile; fileRef = C02F5E312AE0355F002ED777 /* TraderItemView.swift */; };
		C02F5E342AE04027002ED777 /* Collection.swift in Sources */ = {isa = PBXBuildFile; fileRef = C02F5E332AE04027002ED777 /* Collection.swift */; };
		C03855812AE01B9C00AEACDB /* StocksApp.swift in Sources */ = {isa = PBXBuildFile; fileRef = C03855802AE01B9C00AEACDB /* StocksApp.swift */; };
		C03855832AE01B9C00AEACDB /* ContentView.swift in Sources */ = {isa = PBXBuildFile; fileRef = C03855822AE01B9C00AEACDB /* ContentView.swift */; };
		C03855852AE01B9D00AEACDB /* Assets.xcassets in Resources */ = {isa = PBXBuildFile; fileRef = C03855842AE01B9D00AEACDB /* Assets.xcassets */; };
		C03855882AE01B9D00AEACDB /* Preview Assets.xcassets in Resources */ = {isa = PBXBuildFile; fileRef = C03855872AE01B9D00AEACDB /* Preview Assets.xcassets */; };
		C038558F2AE01C9D00AEACDB /* Launch Screen.storyboard in Resources */ = {isa = PBXBuildFile; fileRef = C038558E2AE01C9C00AEACDB /* Launch Screen.storyboard */; };
		C0EE13AF2AE161D5001AA586 /* WebView.swift in Sources */ = {isa = PBXBuildFile; fileRef = C0EE13AE2AE161D5001AA586 /* WebView.swift */; };
/* End PBXBuildFile section */

/* Begin PBXFileReference section */
		C01F293B2AE0614C00606E89 /* CurrencyPair.swift */ = {isa = PBXFileReference; lastKnownFileType = sourcecode.swift; path = CurrencyPair.swift; sourceTree = "<group>"; };
		C01F293D2AE0649200606E89 /* DurationTextFieldView.swift */ = {isa = PBXFileReference; lastKnownFileType = sourcecode.swift; path = DurationTextFieldView.swift; sourceTree = "<group>"; };
		C01F29552AE1105400606E89 /* InvestmentTextFieldView.swift */ = {isa = PBXFileReference; lastKnownFileType = sourcecode.swift; path = InvestmentTextFieldView.swift; sourceTree = "<group>"; };
		C01F29572AE1347000606E89 /* NumberFormatter.swift */ = {isa = PBXFileReference; lastKnownFileType = sourcecode.swift; path = NumberFormatter.swift; sourceTree = "<group>"; };
		C02F5E132AE0256E002ED777 /* Color.swift */ = {isa = PBXFileReference; lastKnownFileType = sourcecode.swift; path = Color.swift; sourceTree = "<group>"; };
		C02F5E192AE02697002ED777 /* PreloaderView.swift */ = {isa = PBXFileReference; lastKnownFileType = sourcecode.swift; path = PreloaderView.swift; sourceTree = "<group>"; };
		C02F5E1B2AE02706002ED777 /* PreloaderVM.swift */ = {isa = PBXFileReference; lastKnownFileType = sourcecode.swift; path = PreloaderVM.swift; sourceTree = "<group>"; };
		C02F5E1D2AE02A48002ED777 /* RoundedRectProgressViewStyle.swift */ = {isa = PBXFileReference; lastKnownFileType = sourcecode.swift; path = RoundedRectProgressViewStyle.swift; sourceTree = "<group>"; };
		C02F5E202AE02C44002ED777 /* MainView.swift */ = {isa = PBXFileReference; lastKnownFileType = sourcecode.swift; path = MainView.swift; sourceTree = "<group>"; };
		C02F5E222AE02D1E002ED777 /* TradeView.swift */ = {isa = PBXFileReference; lastKnownFileType = sourcecode.swift; path = TradeView.swift; sourceTree = "<group>"; };
		C02F5E242AE02D25002ED777 /* TopView.swift */ = {isa = PBXFileReference; lastKnownFileType = sourcecode.swift; path = TopView.swift; sourceTree = "<group>"; };
		C02F5E272AE02FA4002ED777 /* TopVM.swift */ = {isa = PBXFileReference; lastKnownFileType = sourcecode.swift; path = TopVM.swift; sourceTree = "<group>"; };
		C02F5E292AE02FAB002ED777 /* TradeVM.swift */ = {isa = PBXFileReference; lastKnownFileType = sourcecode.swift; path = TradeVM.swift; sourceTree = "<group>"; };
		C02F5E2B2AE02FBF002ED777 /* CurrencyPairView.swift */ = {isa = PBXFileReference; lastKnownFileType = sourcecode.swift; path = CurrencyPairView.swift; sourceTree = "<group>"; };
		C02F5E2D2AE02FC9002ED777 /* CurrencyPairVM.swift */ = {isa = PBXFileReference; lastKnownFileType = sourcecode.swift; path = CurrencyPairVM.swift; sourceTree = "<group>"; };
		C02F5E2F2AE03162002ED777 /* Trader.swift */ = {isa = PBXFileReference; lastKnownFileType = sourcecode.swift; path = Trader.swift; sourceTree = "<group>"; };
		C02F5E312AE0355F002ED777 /* TraderItemView.swift */ = {isa = PBXFileReference; lastKnownFileType = sourcecode.swift; path = TraderItemView.swift; sourceTree = "<group>"; };
		C02F5E332AE04027002ED777 /* Collection.swift */ = {isa = PBXFileReference; lastKnownFileType = sourcecode.swift; path = Collection.swift; sourceTree = "<group>"; };
		C038557D2AE01B9C00AEACDB /* Stocks.app */ = {isa = PBXFileReference; explicitFileType = wrapper.application; includeInIndex = 0; path = Stocks.app; sourceTree = BUILT_PRODUCTS_DIR; };
		C03855802AE01B9C00AEACDB /* StocksApp.swift */ = {isa = PBXFileReference; lastKnownFileType = sourcecode.swift; path = StocksApp.swift; sourceTree = "<group>"; };
		C03855822AE01B9C00AEACDB /* ContentView.swift */ = {isa = PBXFileReference; lastKnownFileType = sourcecode.swift; path = ContentView.swift; sourceTree = "<group>"; };
		C03855842AE01B9D00AEACDB /* Assets.xcassets */ = {isa = PBXFileReference; lastKnownFileType = folder.assetcatalog; path = Assets.xcassets; sourceTree = "<group>"; };
		C03855872AE01B9D00AEACDB /* Preview Assets.xcassets */ = {isa = PBXFileReference; lastKnownFileType = folder.assetcatalog; path = "Preview Assets.xcassets"; sourceTree = "<group>"; };
		C038558E2AE01C9C00AEACDB /* Launch Screen.storyboard */ = {isa = PBXFileReference; lastKnownFileType = file.storyboard; path = "Launch Screen.storyboard"; sourceTree = "<group>"; };
		C0EE13AE2AE161D5001AA586 /* WebView.swift */ = {isa = PBXFileReference; lastKnownFileType = sourcecode.swift; path = WebView.swift; sourceTree = "<group>"; };
/* End PBXFileReference section */

/* Begin PBXFrameworksBuildPhase section */
		C038557A2AE01B9C00AEACDB /* Frameworks */ = {
			isa = PBXFrameworksBuildPhase;
			buildActionMask = 2147483647;
			files = (
			);
			runOnlyForDeploymentPostprocessing = 0;
		};
/* End PBXFrameworksBuildPhase section */

/* Begin PBXGroup section */
		C02F5E152AE02664002ED777 /* Extentions */ = {
			isa = PBXGroup;
			children = (
				C02F5E132AE0256E002ED777 /* Color.swift */,
				C02F5E332AE04027002ED777 /* Collection.swift */,
				C01F29572AE1347000606E89 /* NumberFormatter.swift */,
			);
			path = Extentions;
			sourceTree = "<group>";
		};
		C02F5E162AE02678002ED777 /* View */ = {
			isa = PBXGroup;
			children = (
				C02F5E192AE02697002ED777 /* PreloaderView.swift */,
				C02F5E202AE02C44002ED777 /* MainView.swift */,
				C02F5E222AE02D1E002ED777 /* TradeView.swift */,
				C02F5E242AE02D25002ED777 /* TopView.swift */,
				C02F5E2B2AE02FBF002ED777 /* CurrencyPairView.swift */,
				C0EE13AE2AE161D5001AA586 /* WebView.swift */,
			);
			path = View;
			sourceTree = "<group>";
		};
		C02F5E172AE0267E002ED777 /* Model */ = {
			isa = PBXGroup;
			children = (
				C02F5E2F2AE03162002ED777 /* Trader.swift */,
				C01F293B2AE0614C00606E89 /* CurrencyPair.swift */,
			);
			path = Model;
			sourceTree = "<group>";
		};
		C02F5E182AE02683002ED777 /* ViewModel */ = {
			isa = PBXGroup;
			children = (
				C02F5E1B2AE02706002ED777 /* PreloaderVM.swift */,
				C02F5E292AE02FAB002ED777 /* TradeVM.swift */,
				C02F5E272AE02FA4002ED777 /* TopVM.swift */,
				C02F5E2D2AE02FC9002ED777 /* CurrencyPairVM.swift */,
			);
			path = ViewModel;
			sourceTree = "<group>";
		};
		C02F5E1F2AE02C2F002ED777 /* CustomViews */ = {
			isa = PBXGroup;
			children = (
				C02F5E1D2AE02A48002ED777 /* RoundedRectProgressViewStyle.swift */,
				C02F5E312AE0355F002ED777 /* TraderItemView.swift */,
				C01F293D2AE0649200606E89 /* DurationTextFieldView.swift */,
				C01F29552AE1105400606E89 /* InvestmentTextFieldView.swift */,
			);
			path = CustomViews;
			sourceTree = "<group>";
		};
		C03855742AE01B9C00AEACDB = {
			isa = PBXGroup;
			children = (
				C038557F2AE01B9C00AEACDB /* Stocks */,
				C038557E2AE01B9C00AEACDB /* Products */,
			);
			sourceTree = "<group>";
		};
		C038557E2AE01B9C00AEACDB /* Products */ = {
			isa = PBXGroup;
			children = (
				C038557D2AE01B9C00AEACDB /* Stocks.app */,
			);
			name = Products;
			sourceTree = "<group>";
		};
		C038557F2AE01B9C00AEACDB /* Stocks */ = {
			isa = PBXGroup;
			children = (
				C02F5E152AE02664002ED777 /* Extentions */,
				C02F5E1F2AE02C2F002ED777 /* CustomViews */,
				C02F5E172AE0267E002ED777 /* Model */,
				C02F5E162AE02678002ED777 /* View */,
				C02F5E182AE02683002ED777 /* ViewModel */,
				C038558E2AE01C9C00AEACDB /* Launch Screen.storyboard */,
				C03855842AE01B9D00AEACDB /* Assets.xcassets */,
				C03855802AE01B9C00AEACDB /* StocksApp.swift */,
				C03855822AE01B9C00AEACDB /* ContentView.swift */,
				C03855862AE01B9D00AEACDB /* Preview Content */,
			);
			path = Stocks;
			sourceTree = "<group>";
		};
		C03855862AE01B9D00AEACDB /* Preview Content */ = {
			isa = PBXGroup;
			children = (
				C03855872AE01B9D00AEACDB /* Preview Assets.xcassets */,
			);
			path = "Preview Content";
			sourceTree = "<group>";
		};
/* End PBXGroup section */

/* Begin PBXNativeTarget section */
		C038557C2AE01B9C00AEACDB /* Stocks */ = {
			isa = PBXNativeTarget;
			buildConfigurationList = C038558B2AE01B9D00AEACDB /* Build configuration list for PBXNativeTarget "Stocks" */;
			buildPhases = (
				C03855792AE01B9C00AEACDB /* Sources */,
				C038557A2AE01B9C00AEACDB /* Frameworks */,
				C038557B2AE01B9C00AEACDB /* Resources */,
			);
			buildRules = (
			);
			dependencies = (
			);
			name = Stocks;
			productName = Stocks;
			productReference = C038557D2AE01B9C00AEACDB /* Stocks.app */;
			productType = "com.apple.product-type.application";
		};
/* End PBXNativeTarget section */

/* Begin PBXProject section */
		C03855752AE01B9C00AEACDB /* Project object */ = {
			isa = PBXProject;
			attributes = {
				BuildIndependentTargetsInParallel = 1;
				LastSwiftUpdateCheck = 1430;
				LastUpgradeCheck = 1430;
				TargetAttributes = {
					C038557C2AE01B9C00AEACDB = {
						CreatedOnToolsVersion = 14.3.1;
					};
				};
			};
			buildConfigurationList = C03855782AE01B9C00AEACDB /* Build configuration list for PBXProject "Stocks" */;
			compatibilityVersion = "Xcode 14.0";
			developmentRegion = en;
			hasScannedForEncodings = 0;
			knownRegions = (
				en,
				Base,
			);
			mainGroup = C03855742AE01B9C00AEACDB;
			productRefGroup = C038557E2AE01B9C00AEACDB /* Products */;
			projectDirPath = "";
			projectRoot = "";
			targets = (
				C038557C2AE01B9C00AEACDB /* Stocks */,
			);
		};
/* End PBXProject section */

/* Begin PBXResourcesBuildPhase section */
		C038557B2AE01B9C00AEACDB /* Resources */ = {
			isa = PBXResourcesBuildPhase;
			buildActionMask = 2147483647;
			files = (
				C038558F2AE01C9D00AEACDB /* Launch Screen.storyboard in Resources */,
				C03855882AE01B9D00AEACDB /* Preview Assets.xcassets in Resources */,
				C03855852AE01B9D00AEACDB /* Assets.xcassets in Resources */,
			);
			runOnlyForDeploymentPostprocessing = 0;
		};
/* End PBXResourcesBuildPhase section */

/* Begin PBXSourcesBuildPhase section */
		C03855792AE01B9C00AEACDB /* Sources */ = {
			isa = PBXSourcesBuildPhase;
			buildActionMask = 2147483647;
			files = (
				C03855832AE01B9C00AEACDB /* ContentView.swift in Sources */,
				C01F29582AE1347000606E89 /* NumberFormatter.swift in Sources */,
				C02F5E302AE03162002ED777 /* Trader.swift in Sources */,
				C02F5E212AE02C44002ED777 /* MainView.swift in Sources */,
				C02F5E2E2AE02FC9002ED777 /* CurrencyPairVM.swift in Sources */,
				C02F5E282AE02FA4002ED777 /* TopVM.swift in Sources */,
				C0EE13AF2AE161D5001AA586 /* WebView.swift in Sources */,
				C02F5E342AE04027002ED777 /* Collection.swift in Sources */,
				C01F293E2AE0649200606E89 /* DurationTextFieldView.swift in Sources */,
				C02F5E2C2AE02FBF002ED777 /* CurrencyPairView.swift in Sources */,
				C02F5E142AE0256E002ED777 /* Color.swift in Sources */,
				C02F5E1E2AE02A48002ED777 /* RoundedRectProgressViewStyle.swift in Sources */,
				C02F5E2A2AE02FAB002ED777 /* TradeVM.swift in Sources */,
				C03855812AE01B9C00AEACDB /* StocksApp.swift in Sources */,
				C02F5E232AE02D1E002ED777 /* TradeView.swift in Sources */,
				C02F5E322AE0355F002ED777 /* TraderItemView.swift in Sources */,
				C02F5E1C2AE02706002ED777 /* PreloaderVM.swift in Sources */,
				C01F29562AE1105400606E89 /* InvestmentTextFieldView.swift in Sources */,
				C01F293C2AE0614C00606E89 /* CurrencyPair.swift in Sources */,
				C02F5E252AE02D25002ED777 /* TopView.swift in Sources */,
				C02F5E1A2AE02697002ED777 /* PreloaderView.swift in Sources */,
			);
			runOnlyForDeploymentPostprocessing = 0;
		};
/* End PBXSourcesBuildPhase section */

/* Begin XCBuildConfiguration section */
		C03855892AE01B9D00AEACDB /* Debug */ = {
			isa = XCBuildConfiguration;
			buildSettings = {
				ALWAYS_SEARCH_USER_PATHS = NO;
				CLANG_ANALYZER_NONNULL = YES;
				CLANG_ANALYZER_NUMBER_OBJECT_CONVERSION = YES_AGGRESSIVE;
				CLANG_CXX_LANGUAGE_STANDARD = "gnu++20";
				CLANG_ENABLE_MODULES = YES;
				CLANG_ENABLE_OBJC_ARC = YES;
				CLANG_ENABLE_OBJC_WEAK = YES;
				CLANG_WARN_BLOCK_CAPTURE_AUTORELEASING = YES;
				CLANG_WARN_BOOL_CONVERSION = YES;
				CLANG_WARN_COMMA = YES;
				CLANG_WARN_CONSTANT_CONVERSION = YES;
				CLANG_WARN_DEPRECATED_OBJC_IMPLEMENTATIONS = YES;
				CLANG_WARN_DIRECT_OBJC_ISA_USAGE = YES_ERROR;
				CLANG_WARN_DOCUMENTATION_COMMENTS = YES;
				CLANG_WARN_EMPTY_BODY = YES;
				CLANG_WARN_ENUM_CONVERSION = YES;
				CLANG_WARN_INFINITE_RECURSION = YES;
				CLANG_WARN_INT_CONVERSION = YES;
				CLANG_WARN_NON_LITERAL_NULL_CONVERSION = YES;
				CLANG_WARN_OBJC_IMPLICIT_RETAIN_SELF = YES;
				CLANG_WARN_OBJC_LITERAL_CONVERSION = YES;
				CLANG_WARN_OBJC_ROOT_CLASS = YES_ERROR;
				CLANG_WARN_QUOTED_INCLUDE_IN_FRAMEWORK_HEADER = YES;
				CLANG_WARN_RANGE_LOOP_ANALYSIS = YES;
				CLANG_WARN_STRICT_PROTOTYPES = YES;
				CLANG_WARN_SUSPICIOUS_MOVE = YES;
				CLANG_WARN_UNGUARDED_AVAILABILITY = YES_AGGRESSIVE;
				CLANG_WARN_UNREACHABLE_CODE = YES;
				CLANG_WARN__DUPLICATE_METHOD_MATCH = YES;
				COPY_PHASE_STRIP = NO;
				DEBUG_INFORMATION_FORMAT = dwarf;
				ENABLE_STRICT_OBJC_MSGSEND = YES;
				ENABLE_TESTABILITY = YES;
				GCC_C_LANGUAGE_STANDARD = gnu11;
				GCC_DYNAMIC_NO_PIC = NO;
				GCC_NO_COMMON_BLOCKS = YES;
				GCC_OPTIMIZATION_LEVEL = 0;
				GCC_PREPROCESSOR_DEFINITIONS = (
					"DEBUG=1",
					"$(inherited)",
				);
				GCC_WARN_64_TO_32_BIT_CONVERSION = YES;
				GCC_WARN_ABOUT_RETURN_TYPE = YES_ERROR;
				GCC_WARN_UNDECLARED_SELECTOR = YES;
				GCC_WARN_UNINITIALIZED_AUTOS = YES_AGGRESSIVE;
				GCC_WARN_UNUSED_FUNCTION = YES;
				GCC_WARN_UNUSED_VARIABLE = YES;
				IPHONEOS_DEPLOYMENT_TARGET = 16.4;
				MTL_ENABLE_DEBUG_INFO = INCLUDE_SOURCE;
				MTL_FAST_MATH = YES;
				ONLY_ACTIVE_ARCH = YES;
				SDKROOT = iphoneos;
				SWIFT_ACTIVE_COMPILATION_CONDITIONS = DEBUG;
				SWIFT_OPTIMIZATION_LEVEL = "-Onone";
			};
			name = Debug;
		};
		C038558A2AE01B9D00AEACDB /* Release */ = {
			isa = XCBuildConfiguration;
			buildSettings = {
				ALWAYS_SEARCH_USER_PATHS = NO;
				CLANG_ANALYZER_NONNULL = YES;
				CLANG_ANALYZER_NUMBER_OBJECT_CONVERSION = YES_AGGRESSIVE;
				CLANG_CXX_LANGUAGE_STANDARD = "gnu++20";
				CLANG_ENABLE_MODULES = YES;
				CLANG_ENABLE_OBJC_ARC = YES;
				CLANG_ENABLE_OBJC_WEAK = YES;
				CLANG_WARN_BLOCK_CAPTURE_AUTORELEASING = YES;
				CLANG_WARN_BOOL_CONVERSION = YES;
				CLANG_WARN_COMMA = YES;
				CLANG_WARN_CONSTANT_CONVERSION = YES;
				CLANG_WARN_DEPRECATED_OBJC_IMPLEMENTATIONS = YES;
				CLANG_WARN_DIRECT_OBJC_ISA_USAGE = YES_ERROR;
				CLANG_WARN_DOCUMENTATION_COMMENTS = YES;
				CLANG_WARN_EMPTY_BODY = YES;
				CLANG_WARN_ENUM_CONVERSION = YES;
				CLANG_WARN_INFINITE_RECURSION = YES;
				CLANG_WARN_INT_CONVERSION = YES;
				CLANG_WARN_NON_LITERAL_NULL_CONVERSION = YES;
				CLANG_WARN_OBJC_IMPLICIT_RETAIN_SELF = YES;
				CLANG_WARN_OBJC_LITERAL_CONVERSION = YES;
				CLANG_WARN_OBJC_ROOT_CLASS = YES_ERROR;
				CLANG_WARN_QUOTED_INCLUDE_IN_FRAMEWORK_HEADER = YES;
				CLANG_WARN_RANGE_LOOP_ANALYSIS = YES;
				CLANG_WARN_STRICT_PROTOTYPES = YES;
				CLANG_WARN_SUSPICIOUS_MOVE = YES;
				CLANG_WARN_UNGUARDED_AVAILABILITY = YES_AGGRESSIVE;
				CLANG_WARN_UNREACHABLE_CODE = YES;
				CLANG_WARN__DUPLICATE_METHOD_MATCH = YES;
				COPY_PHASE_STRIP = NO;
				DEBUG_INFORMATION_FORMAT = "dwarf-with-dsym";
				ENABLE_NS_ASSERTIONS = NO;
				ENABLE_STRICT_OBJC_MSGSEND = YES;
				GCC_C_LANGUAGE_STANDARD = gnu11;
				GCC_NO_COMMON_BLOCKS = YES;
				GCC_WARN_64_TO_32_BIT_CONVERSION = YES;
				GCC_WARN_ABOUT_RETURN_TYPE = YES_ERROR;
				GCC_WARN_UNDECLARED_SELECTOR = YES;
				GCC_WARN_UNINITIALIZED_AUTOS = YES_AGGRESSIVE;
				GCC_WARN_UNUSED_FUNCTION = YES;
				GCC_WARN_UNUSED_VARIABLE = YES;
				IPHONEOS_DEPLOYMENT_TARGET = 16.4;
				MTL_ENABLE_DEBUG_INFO = NO;
				MTL_FAST_MATH = YES;
				SDKROOT = iphoneos;
				SWIFT_COMPILATION_MODE = wholemodule;
				SWIFT_OPTIMIZATION_LEVEL = "-O";
				VALIDATE_PRODUCT = YES;
			};
			name = Release;
		};
		C038558C2AE01B9D00AEACDB /* Debug */ = {
			isa = XCBuildConfiguration;
			buildSettings = {
				ASSETCATALOG_COMPILER_APPICON_NAME = AppIcon;
				ASSETCATALOG_COMPILER_GLOBAL_ACCENT_COLOR_NAME = AccentColor;
				CODE_SIGN_STYLE = Automatic;
				CURRENT_PROJECT_VERSION = 1;
				DEVELOPMENT_ASSET_PATHS = "\"Stocks/Preview Content\"";
				DEVELOPMENT_TEAM = 847S254GLW;
				ENABLE_PREVIEWS = YES;
				GENERATE_INFOPLIST_FILE = YES;
				INFOPLIST_KEY_UIApplicationSceneManifest_Generation = YES;
				INFOPLIST_KEY_UIApplicationSupportsIndirectInputEvents = YES;
				INFOPLIST_KEY_UILaunchScreen_Generation = YES;
				INFOPLIST_KEY_UILaunchStoryboardName = "Launch Screen.storyboard";
				INFOPLIST_KEY_UIRequiresFullScreen = YES;
				INFOPLIST_KEY_UIStatusBarStyle = UIStatusBarStyleLightContent;
				INFOPLIST_KEY_UISupportedInterfaceOrientations = UIInterfaceOrientationPortrait;
				INFOPLIST_KEY_UISupportedInterfaceOrientations_iPad = "UIInterfaceOrientationLandscapeLeft UIInterfaceOrientationLandscapeRight UIInterfaceOrientationPortrait UIInterfaceOrientationPortraitUpsideDown";
				IPHONEOS_DEPLOYMENT_TARGET = 16.0;
				LD_RUNPATH_SEARCH_PATHS = (
					"$(inherited)",
					"@executable_path/Frameworks",
				);
				MARKETING_VERSION = 1.0;
				PRODUCT_BUNDLE_IDENTIFIER = com.shirin.Stocks;
				PRODUCT_NAME = "$(TARGET_NAME)";
				SWIFT_EMIT_LOC_STRINGS = YES;
				SWIFT_VERSION = 5.0;
				TARGETED_DEVICE_FAMILY = "1,2";
			};
			name = Debug;
		};
		C038558D2AE01B9D00AEACDB /* Release */ = {
			isa = XCBuildConfiguration;
			buildSettings = {
				ASSETCATALOG_COMPILER_APPICON_NAME = AppIcon;
				ASSETCATALOG_COMPILER_GLOBAL_ACCENT_COLOR_NAME = AccentColor;
				CODE_SIGN_STYLE = Automatic;
				CURRENT_PROJECT_VERSION = 1;
				DEVELOPMENT_ASSET_PATHS = "\"Stocks/Preview Content\"";
				DEVELOPMENT_TEAM = 847S254GLW;
				ENABLE_PREVIEWS = YES;
				GENERATE_INFOPLIST_FILE = YES;
				INFOPLIST_KEY_UIApplicationSceneManifest_Generation = YES;
				INFOPLIST_KEY_UIApplicationSupportsIndirectInputEvents = YES;
				INFOPLIST_KEY_UILaunchScreen_Generation = YES;
				INFOPLIST_KEY_UILaunchStoryboardName = "Launch Screen.storyboard";
				INFOPLIST_KEY_UIRequiresFullScreen = YES;
				INFOPLIST_KEY_UIStatusBarStyle = UIStatusBarStyleLightContent;
				INFOPLIST_KEY_UISupportedInterfaceOrientations = UIInterfaceOrientationPortrait;
				INFOPLIST_KEY_UISupportedInterfaceOrientations_iPad = "UIInterfaceOrientationLandscapeLeft UIInterfaceOrientationLandscapeRight UIInterfaceOrientationPortrait UIInterfaceOrientationPortraitUpsideDown";
				IPHONEOS_DEPLOYMENT_TARGET = 16.0;
				LD_RUNPATH_SEARCH_PATHS = (
					"$(inherited)",
					"@executable_path/Frameworks",
				);
				MARKETING_VERSION = 1.0;
				PRODUCT_BUNDLE_IDENTIFIER = com.shirin.Stocks;
				PRODUCT_NAME = "$(TARGET_NAME)";
				SWIFT_EMIT_LOC_STRINGS = YES;
				SWIFT_VERSION = 5.0;
				TARGETED_DEVICE_FAMILY = "1,2";
			};
			name = Release;
		};
/* End XCBuildConfiguration section */

/* Begin XCConfigurationList section */
		C03855782AE01B9C00AEACDB /* Build configuration list for PBXProject "Stocks" */ = {
			isa = XCConfigurationList;
			buildConfigurations = (
				C03855892AE01B9D00AEACDB /* Debug */,
				C038558A2AE01B9D00AEACDB /* Release */,
			);
			defaultConfigurationIsVisible = 0;
			defaultConfigurationName = Release;
		};
		C038558B2AE01B9D00AEACDB /* Build configuration list for PBXNativeTarget "Stocks" */ = {
			isa = XCConfigurationList;
			buildConfigurations = (
				C038558C2AE01B9D00AEACDB /* Debug */,
				C038558D2AE01B9D00AEACDB /* Release */,
			);
			defaultConfigurationIsVisible = 0;
			defaultConfigurationName = Release;
		};
/* End XCConfigurationList section */
	};
	rootObject = C03855752AE01B9C00AEACDB /* Project object */;
}
